
Microsoft Visual Studio Solution File, Format Version 12.00
# Visual Studio 14
VisualStudioVersion = 14.0.25420.1
MinimumVisualStudioVersion = 10.0.40219.1
Project("{FAE04EC0-301F-11D3-BF4B-00C04F79EFBC}") = "Quiron.LojaVirtual.Dominio", "Quiron.LojaVirtual.Dominio\Quiron.LojaVirtual.Dominio.csproj", "{E9BA8A19-CBAC-415D-BFC6-3627C14C4D6C}"
EndProject
Project("{FAE04EC0-301F-11D3-BF4B-00C04F79EFBC}") = "Quiron.LojaVirtual.Web", "Quiron.LojaVirtual.Web\Quiron.LojaVirtual.Web.csproj", "{91A5F34B-E5BB-469A-9674-833701ADE6E7}"
EndProject
Project("{FAE04EC0-301F-11D3-BF4B-00C04F79EFBC}") = "Quiron.LojaVirtual.UnitTest", "Quiron.LojaVirtual.UnitTest\Quiron.LojaVirtual.UnitTest.csproj", "{EF27EA57-0079-4592-84E3-16A17D432188}"
EndProject
Global
	GlobalSection(SolutionConfigurationPlatforms) = preSolution
		Debug|Any CPU = Debug|Any CPU
		Release|Any CPU = Release|Any CPU
	EndGlobalSection
	GlobalSection(ProjectConfigurationPlatforms) = postSolution
		{E9BA8A19-CBAC-415D-BFC6-3627C14C4D6C}.Debug|Any CPU.ActiveCfg = Debug|Any CPU
		{E9BA8A19-CBAC-415D-BFC6-3627C14C4D6C}.Debug|Any CPU.Build.0 = Debug|Any CPU
		{E9BA8A19-CBAC-415D-BFC6-3627C14C4D6C}.Release|Any CPU.ActiveCfg = Release|Any CPU
		{E9BA8A19-CBAC-415D-BFC6-3627C14C4D6C}.Release|Any CPU.Build.0 = Release|Any CPU
		{91A5F34B-E5BB-469A-9674-833701ADE6E7}.Debug|Any CPU.ActiveCfg = Debug|Any CPU
		{91A5F34B-E5BB-469A-9674-833701ADE6E7}.Debug|Any CPU.Build.0 = Debug|Any CPU
		{91A5F34B-E5BB-469A-9674-833701ADE6E7}.Release|Any CPU.ActiveCfg = Release|Any CPU
		{91A5F34B-E5BB-469A-9674-833701ADE6E7}.Release|Any CPU.Build.0 = Release|Any CPU
		{EF27EA57-0079-4592-84E3-16A17D432188}.Debug|Any CPU.ActiveCfg = Debug|Any CPU
		{EF27EA57-0079-4592-84E3-16A17D432188}.Debug|Any CPU.Build.0 = Debug|Any CPU
		{EF27EA57-0079-4592-84E3-16A17D432188}.Release|Any CPU.ActiveCfg = Release|Any CPU
		{EF27EA57-0079-4592-84E3-16A17D432188}.Release|Any CPU.Build.0 = Release|Any CPU
	EndGlobalSection
	GlobalSection(SolutionProperties) = preSolution
		HideSolutionNode = FALSE
	EndGlobalSection
EndGlobal
